
Microsoft Visual Studio Solution File, Format Version 12.00
# Visual Studio Version 17
VisualStudioVersion = 17.11.35327.3
MinimumVisualStudioVersion = 10.0.40219.1
Project("{888888A0-9F3D-457C-B088-3A5042F75D52}") = "Bass_Assignment10", "Bass_Assignment10\Bass_Assignment10.pyproj", "{7DE84447-8F76-4389-BE77-FF82E0339442}"
EndProject
Global
	GlobalSection(SolutionConfigurationPlatforms) = preSolution
		Debug|Any CPU = Debug|Any CPU
		Release|Any CPU = Release|Any CPU
	EndGlobalSection
	GlobalSection(ProjectConfigurationPlatforms) = postSolution
		{7DE84447-8F76-4389-BE77-FF82E0339442}.Debug|Any CPU.ActiveCfg = Debug|Any CPU
		{7DE84447-8F76-4389-BE77-FF82E0339442}.Release|Any CPU.ActiveCfg = Release|Any CPU
	EndGlobalSection
	GlobalSection(SolutionProperties) = preSolution
		HideSolutionNode = FALSE
	EndGlobalSection
	GlobalSection(ExtensibilityGlobals) = postSolution
		SolutionGuid = {99C03F12-53A9-49B8-93FD-07C8DD31591D}
	EndGlobalSection
EndGlobal
